
Microsoft Visual Studio Solution File, Format Version 12.00
# Visual Studio Version 16
VisualStudioVersion = 25.0.1706.4
MinimumVisualStudioVersion = 10.0.40219.1
Project("{FAE04EC0-301F-11D3-BF4B-00C04F79EFBC}") = "FlyoutGlyphTest", "FlyoutGlyphTest\FlyoutGlyphTest.csproj", "{F743FCE2-D6A2-4AF0-B911-F29972F17CFD}"
EndProject
Global
	GlobalSection(SolutionConfigurationPlatforms) = preSolution
		Debug|Any CPU = Debug|Any CPU
		Release|Any CPU = Release|Any CPU
	EndGlobalSection
	GlobalSection(ProjectConfigurationPlatforms) = postSolution
		{F743FCE2-D6A2-4AF0-B911-F29972F17CFD}.Debug|Any CPU.ActiveCfg = Debug|Any CPU
		{F743FCE2-D6A2-4AF0-B911-F29972F17CFD}.Debug|Any CPU.Build.0 = Debug|Any CPU
		{F743FCE2-D6A2-4AF0-B911-F29972F17CFD}.Release|Any CPU.ActiveCfg = Release|Any CPU
		{F743FCE2-D6A2-4AF0-B911-F29972F17CFD}.Release|Any CPU.Build.0 = Release|Any CPU
	EndGlobalSection
	GlobalSection(SolutionProperties) = preSolution
		HideSolutionNode = FALSE
	EndGlobalSection
	GlobalSection(ExtensibilityGlobals) = postSolution
		SolutionGuid = {AC917A5A-FE70-47A8-AD44-19955BC9C33B}
	EndGlobalSection
EndGlobal
